
Microsoft Visual Studio Solution File, Format Version 12.00
# Visual Studio 15
VisualStudioVersion = 15.0.26430.4
MinimumVisualStudioVersion = 10.0.40219.1
Project("{D954291E-2A0B-460D-934E-DC6B0785DB48}") = "Maket", "Maket\Maket\Maket.shproj", "{6F32DB83-C722-41B5-ABDF-10CF1DA39C2C}"
EndProject
Project("{FAE04EC0-301F-11D3-BF4B-00C04F79EFBC}") = "Maket.Android", "Maket\Maket.Android\Maket.Android.csproj", "{88DFAE6E-E9AA-4284-B963-54DE21A9973F}"
EndProject
Project("{FAE04EC0-301F-11D3-BF4B-00C04F79EFBC}") = "Maket.iOS", "Maket\Maket.iOS\Maket.iOS.csproj", "{87825E6A-2A9A-42EC-8121-CD3CE7166EAF}"
EndProject
Project("{FAE04EC0-301F-11D3-BF4B-00C04F79EFBC}") = "Maket.UWP", "Maket\Maket.UWP\Maket.UWP.csproj", "{4ED9F5CF-8806-4BE1-9506-1F8B5DC41F37}"
EndProject
Global
	GlobalSection(SharedMSBuildProjectFiles) = preSolution
		Maket\Maket\Maket.projitems*{6f32db83-c722-41b5-abdf-10cf1da39c2c}*SharedItemsImports = 13
		Maket\Maket\Maket.projitems*{87825e6a-2a9a-42ec-8121-cd3ce7166eaf}*SharedItemsImports = 4
		Maket\Maket\Maket.projitems*{88dfae6e-e9aa-4284-b963-54de21a9973f}*SharedItemsImports = 4
	EndGlobalSection
	GlobalSection(SolutionConfigurationPlatforms) = preSolution
		Ad-Hoc|Any CPU = Ad-Hoc|Any CPU
		Ad-Hoc|ARM = Ad-Hoc|ARM
		Ad-Hoc|iPhone = Ad-Hoc|iPhone
		Ad-Hoc|iPhoneSimulator = Ad-Hoc|iPhoneSimulator
		Ad-Hoc|x64 = Ad-Hoc|x64
		Ad-Hoc|x86 = Ad-Hoc|x86
		AppStore|Any CPU = AppStore|Any CPU
		AppStore|ARM = AppStore|ARM
		AppStore|iPhone = AppStore|iPhone
		AppStore|iPhoneSimulator = AppStore|iPhoneSimulator
		AppStore|x64 = AppStore|x64
		AppStore|x86 = AppStore|x86
		Debug|Any CPU = Debug|Any CPU
		Debug|ARM = Debug|ARM
		Debug|iPhone = Debug|iPhone
		Debug|iPhoneSimulator = Debug|iPhoneSimulator
		Debug|x64 = Debug|x64
		Debug|x86 = Debug|x86
		Release|Any CPU = Release|Any CPU
		Release|ARM = Release|ARM
		Release|iPhone = Release|iPhone
		Release|iPhoneSimulator = Release|iPhoneSimulator
		Release|x64 = Release|x64
		Release|x86 = Release|x86
	EndGlobalSection
	GlobalSection(ProjectConfigurationPlatforms) = postSolution
		{88DFAE6E-E9AA-4284-B963-54DE21A9973F}.Ad-Hoc|Any CPU.ActiveCfg = Release|Any CPU
		{88DFAE6E-E9AA-4284-B963-54DE21A9973F}.Ad-Hoc|Any CPU.Build.0 = Release|Any CPU
		{88DFAE6E-E9AA-4284-B963-54DE21A9973F}.Ad-Hoc|Any CPU.Deploy.0 = Release|Any CPU
		{88DFAE6E-E9AA-4284-B963-54DE21A9973F}.Ad-Hoc|ARM.ActiveCfg = Release|Any CPU
		{88DFAE6E-E9AA-4284-B963-54DE21A9973F}.Ad-Hoc|ARM.Build.0 = Release|Any CPU
		{88DFAE6E-E9AA-4284-B963-54DE21A9973F}.Ad-Hoc|ARM.Deploy.0 = Release|Any CPU
		{88DFAE6E-E9AA-4284-B963-54DE21A9973F}.Ad-Hoc|iPhone.ActiveCfg = Release|Any CPU
		{88DFAE6E-E9AA-4284-B963-54DE21A9973F}.Ad-Hoc|iPhone.Build.0 = Release|Any CPU
		{88DFAE6E-E9AA-4284-B963-54DE21A9973F}.Ad-Hoc|iPhone.Deploy.0 = Release|Any CPU
		{88DFAE6E-E9AA-4284-B963-54DE21A9973F}.Ad-Hoc|iPhoneSimulator.ActiveCfg = Release|Any CPU
		{88DFAE6E-E9AA-4284-B963-54DE21A9973F}.Ad-Hoc|iPhoneSimulator.Build.0 = Release|Any CPU
		{88DFAE6E-E9AA-4284-B963-54DE21A9973F}.Ad-Hoc|iPhoneSimulator.Deploy.0 = Release|Any CPU
		{88DFAE6E-E9AA-4284-B963-54DE21A9973F}.Ad-Hoc|x64.ActiveCfg = Release|Any CPU
		{88DFAE6E-E9AA-4284-B963-54DE21A9973F}.Ad-Hoc|x64.Build.0 = Release|Any CPU
		{88DFAE6E-E9AA-4284-B963-54DE21A9973F}.Ad-Hoc|x64.Deploy.0 = Release|Any CPU
		{88DFAE6E-E9AA-4284-B963-54DE21A9973F}.Ad-Hoc|x86.ActiveCfg = Release|Any CPU
		{88DFAE6E-E9AA-4284-B963-54DE21A9973F}.Ad-Hoc|x86.Build.0 = Release|Any CPU
		{88DFAE6E-E9AA-4284-B963-54DE21A9973F}.Ad-Hoc|x86.Deploy.0 = Release|Any CPU
		{88DFAE6E-E9AA-4284-B963-54DE21A9973F}.AppStore|Any CPU.ActiveCfg = Release|Any CPU
		{88DFAE6E-E9AA-4284-B963-54DE21A9973F}.AppStore|Any CPU.Build.0 = Release|Any CPU
		{88DFAE6E-E9AA-4284-B963-54DE21A9973F}.AppStore|Any CPU.Deploy.0 = Release|Any CPU
		{88DFAE6E-E9AA-4284-B963-54DE21A9973F}.AppStore|ARM.ActiveCfg = Release|Any CPU
		{88DFAE6E-E9AA-4284-B963-54DE21A9973F}.AppStore|ARM.Build.0 = Release|Any CPU
		{88DFAE6E-E9AA-4284-B963-54DE21A9973F}.AppStore|ARM.Deploy.0 = Release|Any CPU
		{88DFAE6E-E9AA-4284-B963-54DE21A9973F}.AppStore|iPhone.ActiveCfg = Release|Any CPU
		{88DFAE6E-E9AA-4284-B963-54DE21A9973F}.AppStore|iPhone.Build.0 = Release|Any CPU
		{88DFAE6E-E9AA-4284-B963-54DE21A9973F}.AppStore|iPhone.Deploy.0 = Release|Any CPU
		{88DFAE6E-E9AA-4284-B963-54DE21A9973F}.AppStore|iPhoneSimulator.ActiveCfg = Release|Any CPU
		{88DFAE6E-E9AA-4284-B963-54DE21A9973F}.AppStore|iPhoneSimulator.Build.0 = Release|Any CPU
		{88DFAE6E-E9AA-4284-B963-54DE21A9973F}.AppStore|iPhoneSimulator.Deploy.0 = Release|Any CPU
		{88DFAE6E-E9AA-4284-B963-54DE21A9973F}.AppStore|x64.ActiveCfg = Release|Any CPU
		{88DFAE6E-E9AA-4284-B963-54DE21A9973F}.AppStore|x64.Build.0 = Release|Any CPU
		{88DFAE6E-E9AA-4284-B963-54DE21A9973F}.AppStore|x64.Deploy.0 = Release|Any CPU
		{88DFAE6E-E9AA-4284-B963-54DE21A9973F}.AppStore|x86.ActiveCfg = Release|Any CPU
		{88DFAE6E-E9AA-4284-B963-54DE21A9973F}.AppStore|x86.Build.0 = Release|Any CPU
		{88DFAE6E-E9AA-4284-B963-54DE21A9973F}.AppStore|x86.Deploy.0 = Release|Any CPU
		{88DFAE6E-E9AA-4284-B963-54DE21A9973F}.Debug|Any CPU.ActiveCfg = Debug|Any CPU
		{88DFAE6E-E9AA-4284-B963-54DE21A9973F}.Debug|Any CPU.Build.0 = Debug|Any CPU
		{88DFAE6E-E9AA-4284-B963-54DE21A9973F}.Debug|Any CPU.Deploy.0 = Debug|Any CPU
		{88DFAE6E-E9AA-4284-B963-54DE21A9973F}.Debug|ARM.ActiveCfg = Debug|Any CPU
		{88DFAE6E-E9AA-4284-B963-54DE21A9973F}.Debug|ARM.Build.0 = Debug|Any CPU
		{88DFAE6E-E9AA-4284-B963-54DE21A9973F}.Debug|ARM.Deploy.0 = Debug|Any CPU
		{88DFAE6E-E9AA-4284-B963-54DE21A9973F}.Debug|iPhone.ActiveCfg = Debug|Any CPU
		{88DFAE6E-E9AA-4284-B963-54DE21A9973F}.Debug|iPhone.Build.0 = Debug|Any CPU
		{88DFAE6E-E9AA-4284-B963-54DE21A9973F}.Debug|iPhone.Deploy.0 = Debug|Any CPU
		{88DFAE6E-E9AA-4284-B963-54DE21A9973F}.Debug|iPhoneSimulator.ActiveCfg = Debug|Any CPU
		{88DFAE6E-E9AA-4284-B963-54DE21A9973F}.Debug|iPhoneSimulator.Build.0 = Debug|Any CPU
		{88DFAE6E-E9AA-4284-B963-54DE21A9973F}.Debug|iPhoneSimulator.Deploy.0 = Debug|Any CPU
		{88DFAE6E-E9AA-4284-B963-54DE21A9973F}.Debug|x64.ActiveCfg = Debug|Any CPU
		{88DFAE6E-E9AA-4284-B963-54DE21A9973F}.Debug|x64.Build.0 = Debug|Any CPU
		{88DFAE6E-E9AA-4284-B963-54DE21A9973F}.Debug|x64.Deploy.0 = Debug|Any CPU
		{88DFAE6E-E9AA-4284-B963-54DE21A9973F}.Debug|x86.ActiveCfg = Debug|Any CPU
		{88DFAE6E-E9AA-4284-B963-54DE21A9973F}.Debug|x86.Build.0 = Debug|Any CPU
		{88DFAE6E-E9AA-4284-B963-54DE21A9973F}.Debug|x86.Deploy.0 = Debug|Any CPU
		{88DFAE6E-E9AA-4284-B963-54DE21A9973F}.Release|Any CPU.ActiveCfg = Release|Any CPU
		{88DFAE6E-E9AA-4284-B963-54DE21A9973F}.Release|Any CPU.Build.0 = Release|Any CPU
		{88DFAE6E-E9AA-4284-B963-54DE21A9973F}.Release|Any CPU.Deploy.0 = Release|Any CPU
		{88DFAE6E-E9AA-4284-B963-54DE21A9973F}.Release|ARM.ActiveCfg = Release|Any CPU
		{88DFAE6E-E9AA-4284-B963-54DE21A9973F}.Release|ARM.Build.0 = Release|Any CPU
		{88DFAE6E-E9AA-4284-B963-54DE21A9973F}.Release|ARM.Deploy.0 = Release|Any CPU
		{88DFAE6E-E9AA-4284-B963-54DE21A9973F}.Release|iPhone.ActiveCfg = Release|Any CPU
		{88DFAE6E-E9AA-4284-B963-54DE21A9973F}.Release|iPhone.Build.0 = Release|Any CPU
		{88DFAE6E-E9AA-4284-B963-54DE21A9973F}.Release|iPhone.Deploy.0 = Release|Any CPU
		{88DFAE6E-E9AA-4284-B963-54DE21A9973F}.Release|iPhoneSimulator.ActiveCfg = Release|Any CPU
		{88DFAE6E-E9AA-4284-B963-54DE21A9973F}.Release|iPhoneSimulator.Build.0 = Release|Any CPU
		{88DFAE6E-E9AA-4284-B963-54DE21A9973F}.Release|iPhoneSimulator.Deploy.0 = Release|Any CPU
		{88DFAE6E-E9AA-4284-B963-54DE21A9973F}.Release|x64.ActiveCfg = Release|Any CPU
		{88DFAE6E-E9AA-4284-B963-54DE21A9973F}.Release|x64.Build.0 = Release|Any CPU
		{88DFAE6E-E9AA-4284-B963-54DE21A9973F}.Release|x64.Deploy.0 = Release|Any CPU
		{88DFAE6E-E9AA-4284-B963-54DE21A9973F}.Release|x86.ActiveCfg = Release|Any CPU
		{88DFAE6E-E9AA-4284-B963-54DE21A9973F}.Release|x86.Build.0 = Release|Any CPU
		{88DFAE6E-E9AA-4284-B963-54DE21A9973F}.Release|x86.Deploy.0 = Release|Any CPU
		{87825E6A-2A9A-42EC-8121-CD3CE7166EAF}.Ad-Hoc|Any CPU.ActiveCfg = Ad-Hoc|iPhone
		{87825E6A-2A9A-42EC-8121-CD3CE7166EAF}.Ad-Hoc|ARM.ActiveCfg = Ad-Hoc|iPhone
		{87825E6A-2A9A-42EC-8121-CD3CE7166EAF}.Ad-Hoc|iPhone.ActiveCfg = Ad-Hoc|iPhone
		{87825E6A-2A9A-42EC-8121-CD3CE7166EAF}.Ad-Hoc|iPhone.Build.0 = Ad-Hoc|iPhone
		{87825E6A-2A9A-42EC-8121-CD3CE7166EAF}.Ad-Hoc|iPhoneSimulator.ActiveCfg = Ad-Hoc|iPhoneSimulator
		{87825E6A-2A9A-42EC-8121-CD3CE7166EAF}.Ad-Hoc|iPhoneSimulator.Build.0 = Ad-Hoc|iPhoneSimulator
		{87825E6A-2A9A-42EC-8121-CD3CE7166EAF}.Ad-Hoc|x64.ActiveCfg = Ad-Hoc|iPhone
		{87825E6A-2A9A-42EC-8121-CD3CE7166EAF}.Ad-Hoc|x86.ActiveCfg = Ad-Hoc|iPhone
		{87825E6A-2A9A-42EC-8121-CD3CE7166EAF}.AppStore|Any CPU.ActiveCfg = AppStore|iPhone
		{87825E6A-2A9A-42EC-8121-CD3CE7166EAF}.AppStore|ARM.ActiveCfg = AppStore|iPhone
		{87825E6A-2A9A-42EC-8121-CD3CE7166EAF}.AppStore|iPhone.ActiveCfg = AppStore|iPhone
		{87825E6A-2A9A-42EC-8121-CD3CE7166EAF}.AppStore|iPhone.Build.0 = AppStore|iPhone
		{87825E6A-2A9A-42EC-8121-CD3CE7166EAF}.AppStore|iPhoneSimulator.ActiveCfg = AppStore|iPhoneSimulator
		{87825E6A-2A9A-42EC-8121-CD3CE7166EAF}.AppStore|iPhoneSimulator.Build.0 = AppStore|iPhoneSimulator
		{87825E6A-2A9A-42EC-8121-CD3CE7166EAF}.AppStore|x64.ActiveCfg = AppStore|iPhone
		{87825E6A-2A9A-42EC-8121-CD3CE7166EAF}.AppStore|x86.ActiveCfg = AppStore|iPhone
		{87825E6A-2A9A-42EC-8121-CD3CE7166EAF}.Debug|Any CPU.ActiveCfg = Debug|iPhone
		{87825E6A-2A9A-42EC-8121-CD3CE7166EAF}.Debug|ARM.ActiveCfg = Debug|iPhone
		{87825E6A-2A9A-42EC-8121-CD3CE7166EAF}.Debug|iPhone.ActiveCfg = Debug|iPhone
		{87825E6A-2A9A-42EC-8121-CD3CE7166EAF}.Debug|iPhone.Build.0 = Debug|iPhone
		{87825E6A-2A9A-42EC-8121-CD3CE7166EAF}.Debug|iPhoneSimulator.ActiveCfg = Debug|iPhoneSimulator
		{87825E6A-2A9A-42EC-8121-CD3CE7166EAF}.Debug|iPhoneSimulator.Build.0 = Debug|iPhoneSimulator
		{87825E6A-2A9A-42EC-8121-CD3CE7166EAF}.Debug|x64.ActiveCfg = Debug|iPhone
		{87825E6A-2A9A-42EC-8121-CD3CE7166EAF}.Debug|x86.ActiveCfg = Debug|iPhone
		{87825E6A-2A9A-42EC-8121-CD3CE7166EAF}.Release|Any CPU.ActiveCfg = Release|iPhone
		{87825E6A-2A9A-42EC-8121-CD3CE7166EAF}.Release|ARM.ActiveCfg = Release|iPhone
		{87825E6A-2A9A-42EC-8121-CD3CE7166EAF}.Release|iPhone.ActiveCfg = Release|iPhone
		{87825E6A-2A9A-42EC-8121-CD3CE7166EAF}.Release|iPhone.Build.0 = Release|iPhone
		{87825E6A-2A9A-42EC-8121-CD3CE7166EAF}.Release|iPhoneSimulator.ActiveCfg = Release|iPhoneSimulator
		{87825E6A-2A9A-42EC-8121-CD3CE7166EAF}.Release|iPhoneSimulator.Build.0 = Release|iPhoneSimulator
		{87825E6A-2A9A-42EC-8121-CD3CE7166EAF}.Release|x64.ActiveCfg = Release|iPhone
		{87825E6A-2A9A-42EC-8121-CD3CE7166EAF}.Release|x86.ActiveCfg = Release|iPhone
		{4ED9F5CF-8806-4BE1-9506-1F8B5DC41F37}.Ad-Hoc|Any CPU.ActiveCfg = Release|x86
		{4ED9F5CF-8806-4BE1-9506-1F8B5DC41F37}.Ad-Hoc|Any CPU.Build.0 = Release|x86
		{4ED9F5CF-8806-4BE1-9506-1F8B5DC41F37}.Ad-Hoc|Any CPU.Deploy.0 = Release|x86
		{4ED9F5CF-8806-4BE1-9506-1F8B5DC41F37}.Ad-Hoc|ARM.ActiveCfg = Release|ARM
		{4ED9F5CF-8806-4BE1-9506-1F8B5DC41F37}.Ad-Hoc|ARM.Build.0 = Release|ARM
		{4ED9F5CF-8806-4BE1-9506-1F8B5DC41F37}.Ad-Hoc|ARM.Deploy.0 = Release|ARM
		{4ED9F5CF-8806-4BE1-9506-1F8B5DC41F37}.Ad-Hoc|iPhone.ActiveCfg = Release|x86
		{4ED9F5CF-8806-4BE1-9506-1F8B5DC41F37}.Ad-Hoc|iPhone.Build.0 = Release|x86
		{4ED9F5CF-8806-4BE1-9506-1F8B5DC41F37}.Ad-Hoc|iPhone.Deploy.0 = Release|x86
		{4ED9F5CF-8806-4BE1-9506-1F8B5DC41F37}.Ad-Hoc|iPhoneSimulator.ActiveCfg = Release|x86
		{4ED9F5CF-8806-4BE1-9506-1F8B5DC41F37}.Ad-Hoc|iPhoneSimulator.Build.0 = Release|x86
		{4ED9F5CF-8806-4BE1-9506-1F8B5DC41F37}.Ad-Hoc|iPhoneSimulator.Deploy.0 = Release|x86
		{4ED9F5CF-8806-4BE1-9506-1F8B5DC41F37}.Ad-Hoc|x64.ActiveCfg = Release|x64
		{4ED9F5CF-8806-4BE1-9506-1F8B5DC41F37}.Ad-Hoc|x64.Build.0 = Release|x64
		{4ED9F5CF-8806-4BE1-9506-1F8B5DC41F37}.Ad-Hoc|x64.Deploy.0 = Release|x64
		{4ED9F5CF-8806-4BE1-9506-1F8B5DC41F37}.Ad-Hoc|x86.ActiveCfg = Release|x86
		{4ED9F5CF-8806-4BE1-9506-1F8B5DC41F37}.Ad-Hoc|x86.Build.0 = Release|x86
		{4ED9F5CF-8806-4BE1-9506-1F8B5DC41F37}.Ad-Hoc|x86.Deploy.0 = Release|x86
		{4ED9F5CF-8806-4BE1-9506-1F8B5DC41F37}.AppStore|Any CPU.ActiveCfg = Release|x86
		{4ED9F5CF-8806-4BE1-9506-1F8B5DC41F37}.AppStore|Any CPU.Build.0 = Release|x86
		{4ED9F5CF-8806-4BE1-9506-1F8B5DC41F37}.AppStore|Any CPU.Deploy.0 = Release|x86
		{4ED9F5CF-8806-4BE1-9506-1F8B5DC41F37}.AppStore|ARM.ActiveCfg = Release|ARM
		{4ED9F5CF-8806-4BE1-9506-1F8B5DC41F37}.AppStore|ARM.Build.0 = Release|ARM
		{4ED9F5CF-8806-4BE1-9506-1F8B5DC41F37}.AppStore|ARM.Deploy.0 = Release|ARM
		{4ED9F5CF-8806-4BE1-9506-1F8B5DC41F37}.AppStore|iPhone.ActiveCfg = Release|x86
		{4ED9F5CF-8806-4BE1-9506-1F8B5DC41F37}.AppStore|iPhone.Build.0 = Release|x86
		{4ED9F5CF-8806-4BE1-9506-1F8B5DC41F37}.AppStore|iPhone.Deploy.0 = Release|x86
		{4ED9F5CF-8806-4BE1-9506-1F8B5DC41F37}.AppStore|iPhoneSimulator.ActiveCfg = Release|x86
		{4ED9F5CF-8806-4BE1-9506-1F8B5DC41F37}.AppStore|iPhoneSimulator.Build.0 = Release|x86
		{4ED9F5CF-8806-4BE1-9506-1F8B5DC41F37}.AppStore|iPhoneSimulator.Deploy.0 = Release|x86
		{4ED9F5CF-8806-4BE1-9506-1F8B5DC41F37}.AppStore|x64.ActiveCfg = Release|x64
		{4ED9F5CF-8806-4BE1-9506-1F8B5DC41F37}.AppStore|x64.Build.0 = Release|x64
		{4ED9F5CF-8806-4BE1-9506-1F8B5DC41F37}.AppStore|x64.Deploy.0 = Release|x64
		{4ED9F5CF-8806-4BE1-9506-1F8B5DC41F37}.AppStore|x86.ActiveCfg = Release|x86
		{4ED9F5CF-8806-4BE1-9506-1F8B5DC41F37}.AppStore|x86.Build.0 = Release|x86
		{4ED9F5CF-8806-4BE1-9506-1F8B5DC41F37}.AppStore|x86.Deploy.0 = Release|x86
		{4ED9F5CF-8806-4BE1-9506-1F8B5DC41F37}.Debug|Any CPU.ActiveCfg = Debug|x86
		{4ED9F5CF-8806-4BE1-9506-1F8B5DC41F37}.Debug|ARM.ActiveCfg = Debug|ARM
		{4ED9F5CF-8806-4BE1-9506-1F8B5DC41F37}.Debug|ARM.Build.0 = Debug|ARM
		{4ED9F5CF-8806-4BE1-9506-1F8B5DC41F37}.Debug|ARM.Deploy.0 = Debug|ARM
		{4ED9F5CF-8806-4BE1-9506-1F8B5DC41F37}.Debug|iPhone.ActiveCfg = Debug|x86
		{4ED9F5CF-8806-4BE1-9506-1F8B5DC41F37}.Debug|iPhoneSimulator.ActiveCfg = Debug|x86
		{4ED9F5CF-8806-4BE1-9506-1F8B5DC41F37}.Debug|x64.ActiveCfg = Debug|x64
		{4ED9F5CF-8806-4BE1-9506-1F8B5DC41F37}.Debug|x64.Build.0 = Debug|x64
		{4ED9F5CF-8806-4BE1-9506-1F8B5DC41F37}.Debug|x64.Deploy.0 = Debug|x64
		{4ED9F5CF-8806-4BE1-9506-1F8B5DC41F37}.Debug|x86.ActiveCfg = Debug|x86
		{4ED9F5CF-8806-4BE1-9506-1F8B5DC41F37}.Debug|x86.Build.0 = Debug|x86
		{4ED9F5CF-8806-4BE1-9506-1F8B5DC41F37}.Debug|x86.Deploy.0 = Debug|x86
		{4ED9F5CF-8806-4BE1-9506-1F8B5DC41F37}.Release|Any CPU.ActiveCfg = Release|x86
		{4ED9F5CF-8806-4BE1-9506-1F8B5DC41F37}.Release|ARM.ActiveCfg = Release|ARM
		{4ED9F5CF-8806-4BE1-9506-1F8B5DC41F37}.Release|ARM.Build.0 = Release|ARM
		{4ED9F5CF-8806-4BE1-9506-1F8B5DC41F37}.Release|ARM.Deploy.0 = Release|ARM
		{4ED9F5CF-8806-4BE1-9506-1F8B5DC41F37}.Release|iPhone.ActiveCfg = Release|x86
		{4ED9F5CF-8806-4BE1-9506-1F8B5DC41F37}.Release|iPhoneSimulator.ActiveCfg = Release|x86
		{4ED9F5CF-8806-4BE1-9506-1F8B5DC41F37}.Release|x64.ActiveCfg = Release|x64
		{4ED9F5CF-8806-4BE1-9506-1F8B5DC41F37}.Release|x64.Build.0 = Release|x64
		{4ED9F5CF-8806-4BE1-9506-1F8B5DC41F37}.Release|x64.Deploy.0 = Release|x64
		{4ED9F5CF-8806-4BE1-9506-1F8B5DC41F37}.Release|x86.ActiveCfg = Release|x86
		{4ED9F5CF-8806-4BE1-9506-1F8B5DC41F37}.Release|x86.Build.0 = Release|x86
		{4ED9F5CF-8806-4BE1-9506-1F8B5DC41F37}.Release|x86.Deploy.0 = Release|x86
	EndGlobalSection
	GlobalSection(SolutionProperties) = preSolution
		HideSolutionNode = FALSE
	EndGlobalSection
EndGlobal
